
Microsoft Visual Studio Solution File, Format Version 12.00
# Visual Studio Version 16
VisualStudioVersion = 16.0.31829.152
MinimumVisualStudioVersion = 10.0.40219.1
Project("{FAE04EC0-301F-11D3-BF4B-00C04F79EFBC}") = "Project", "Project.csproj", "{5A08314E-7114-4FA6-ADCD-0A335FB89792}"
EndProject
Global
	GlobalSection(SolutionConfigurationPlatforms) = preSolution
		Debug|Any CPU = Debug|Any CPU
		Release|Any CPU = Release|Any CPU
	EndGlobalSection
	GlobalSection(ProjectConfigurationPlatforms) = postSolution
		{5A08314E-7114-4FA6-ADCD-0A335FB89792}.Debug|Any CPU.ActiveCfg = Debug|Any CPU
		{5A08314E-7114-4FA6-ADCD-0A335FB89792}.Debug|Any CPU.Build.0 = Debug|Any CPU
		{5A08314E-7114-4FA6-ADCD-0A335FB89792}.Release|Any CPU.ActiveCfg = Release|Any CPU
		{5A08314E-7114-4FA6-ADCD-0A335FB89792}.Release|Any CPU.Build.0 = Release|Any CPU
	EndGlobalSection
	GlobalSection(SolutionProperties) = preSolution
		HideSolutionNode = FALSE
	EndGlobalSection
	GlobalSection(ExtensibilityGlobals) = postSolution
		SolutionGuid = {29D4DF37-7FBC-449A-A44A-48B784C95E3B}
	EndGlobalSection
EndGlobal
